
Microsoft Visual Studio Solution File, Format Version 12.00
# Visual Studio Version 17
VisualStudioVersion = 17.2.32630.192
MinimumVisualStudioVersion = 10.0.40219.1
Project("{FAE04EC0-301F-11D3-BF4B-00C04F79EFBC}") = "Facturas.UWP", "Facturas\Facturas.UWP\Facturas.UWP.csproj", "{9476938F-7BCA-409C-B5FD-03DFB0F18AA5}"
EndProject
Project("{FAE04EC0-301F-11D3-BF4B-00C04F79EFBC}") = "Facturas.Android", "Facturas\Facturas.Android\Facturas.Android.csproj", "{E4322046-9100-48AA-98ED-37D94DFB6108}"
EndProject
Project("{FAE04EC0-301F-11D3-BF4B-00C04F79EFBC}") = "Facturas.iOS", "Facturas\Facturas.iOS\Facturas.iOS.csproj", "{6A68FEBB-3036-4E77-A46E-6A387122E669}"
EndProject
Project("{FAE04EC0-301F-11D3-BF4B-00C04F79EFBC}") = "Facturas", "Facturas\Facturas\Facturas.csproj", "{5CDF7F67-DC7F-4797-AC28-8A9AF2D805A5}"
EndProject
Global
	GlobalSection(SolutionConfigurationPlatforms) = preSolution
		Debug|Any CPU = Debug|Any CPU
		Debug|ARM = Debug|ARM
		Debug|iPhone = Debug|iPhone
		Debug|iPhoneSimulator = Debug|iPhoneSimulator
		Debug|x64 = Debug|x64
		Debug|x86 = Debug|x86
		Release|Any CPU = Release|Any CPU
		Release|ARM = Release|ARM
		Release|iPhone = Release|iPhone
		Release|iPhoneSimulator = Release|iPhoneSimulator
		Release|x64 = Release|x64
		Release|x86 = Release|x86
	EndGlobalSection
	GlobalSection(ProjectConfigurationPlatforms) = postSolution
		{9476938F-7BCA-409C-B5FD-03DFB0F18AA5}.Debug|Any CPU.ActiveCfg = Debug|x64
		{9476938F-7BCA-409C-B5FD-03DFB0F18AA5}.Debug|Any CPU.Build.0 = Debug|x64
		{9476938F-7BCA-409C-B5FD-03DFB0F18AA5}.Debug|Any CPU.Deploy.0 = Debug|x64
		{9476938F-7BCA-409C-B5FD-03DFB0F18AA5}.Debug|ARM.ActiveCfg = Debug|ARM
		{9476938F-7BCA-409C-B5FD-03DFB0F18AA5}.Debug|ARM.Build.0 = Debug|ARM
		{9476938F-7BCA-409C-B5FD-03DFB0F18AA5}.Debug|ARM.Deploy.0 = Debug|ARM
		{9476938F-7BCA-409C-B5FD-03DFB0F18AA5}.Debug|iPhone.ActiveCfg = Debug|x64
		{9476938F-7BCA-409C-B5FD-03DFB0F18AA5}.Debug|iPhone.Build.0 = Debug|x64
		{9476938F-7BCA-409C-B5FD-03DFB0F18AA5}.Debug|iPhone.Deploy.0 = Debug|x64
		{9476938F-7BCA-409C-B5FD-03DFB0F18AA5}.Debug|iPhoneSimulator.ActiveCfg = Debug|x64
		{9476938F-7BCA-409C-B5FD-03DFB0F18AA5}.Debug|iPhoneSimulator.Build.0 = Debug|x64
		{9476938F-7BCA-409C-B5FD-03DFB0F18AA5}.Debug|iPhoneSimulator.Deploy.0 = Debug|x64
		{9476938F-7BCA-409C-B5FD-03DFB0F18AA5}.Debug|x64.ActiveCfg = Debug|x64
		{9476938F-7BCA-409C-B5FD-03DFB0F18AA5}.Debug|x64.Build.0 = Debug|x64
		{9476938F-7BCA-409C-B5FD-03DFB0F18AA5}.Debug|x64.Deploy.0 = Debug|x64
		{9476938F-7BCA-409C-B5FD-03DFB0F18AA5}.Debug|x86.ActiveCfg = Debug|x86
		{9476938F-7BCA-409C-B5FD-03DFB0F18AA5}.Debug|x86.Build.0 = Debug|x86
		{9476938F-7BCA-409C-B5FD-03DFB0F18AA5}.Debug|x86.Deploy.0 = Debug|x86
		{9476938F-7BCA-409C-B5FD-03DFB0F18AA5}.Release|Any CPU.ActiveCfg = Release|x64
		{9476938F-7BCA-409C-B5FD-03DFB0F18AA5}.Release|Any CPU.Build.0 = Release|x64
		{9476938F-7BCA-409C-B5FD-03DFB0F18AA5}.Release|Any CPU.Deploy.0 = Release|x64
		{9476938F-7BCA-409C-B5FD-03DFB0F18AA5}.Release|ARM.ActiveCfg = Release|ARM
		{9476938F-7BCA-409C-B5FD-03DFB0F18AA5}.Release|ARM.Build.0 = Release|ARM
		{9476938F-7BCA-409C-B5FD-03DFB0F18AA5}.Release|ARM.Deploy.0 = Release|ARM
		{9476938F-7BCA-409C-B5FD-03DFB0F18AA5}.Release|iPhone.ActiveCfg = Release|x64
		{9476938F-7BCA-409C-B5FD-03DFB0F18AA5}.Release|iPhone.Build.0 = Release|x64
		{9476938F-7BCA-409C-B5FD-03DFB0F18AA5}.Release|iPhone.Deploy.0 = Release|x64
		{9476938F-7BCA-409C-B5FD-03DFB0F18AA5}.Release|iPhoneSimulator.ActiveCfg = Release|x64
		{9476938F-7BCA-409C-B5FD-03DFB0F18AA5}.Release|iPhoneSimulator.Build.0 = Release|x64
		{9476938F-7BCA-409C-B5FD-03DFB0F18AA5}.Release|iPhoneSimulator.Deploy.0 = Release|x64
		{9476938F-7BCA-409C-B5FD-03DFB0F18AA5}.Release|x64.ActiveCfg = Release|x64
		{9476938F-7BCA-409C-B5FD-03DFB0F18AA5}.Release|x64.Build.0 = Release|x64
		{9476938F-7BCA-409C-B5FD-03DFB0F18AA5}.Release|x64.Deploy.0 = Release|x64
		{9476938F-7BCA-409C-B5FD-03DFB0F18AA5}.Release|x86.ActiveCfg = Release|x86
		{9476938F-7BCA-409C-B5FD-03DFB0F18AA5}.Release|x86.Build.0 = Release|x86
		{9476938F-7BCA-409C-B5FD-03DFB0F18AA5}.Release|x86.Deploy.0 = Release|x86
		{E4322046-9100-48AA-98ED-37D94DFB6108}.Debug|Any CPU.ActiveCfg = Debug|Any CPU
		{E4322046-9100-48AA-98ED-37D94DFB6108}.Debug|Any CPU.Build.0 = Debug|Any CPU
		{E4322046-9100-48AA-98ED-37D94DFB6108}.Debug|Any CPU.Deploy.0 = Debug|Any CPU
		{E4322046-9100-48AA-98ED-37D94DFB6108}.Debug|ARM.ActiveCfg = Debug|Any CPU
		{E4322046-9100-48AA-98ED-37D94DFB6108}.Debug|ARM.Build.0 = Debug|Any CPU
		{E4322046-9100-48AA-98ED-37D94DFB6108}.Debug|ARM.Deploy.0 = Debug|Any CPU
		{E4322046-9100-48AA-98ED-37D94DFB6108}.Debug|iPhone.ActiveCfg = Debug|Any CPU
		{E4322046-9100-48AA-98ED-37D94DFB6108}.Debug|iPhone.Build.0 = Debug|Any CPU
		{E4322046-9100-48AA-98ED-37D94DFB6108}.Debug|iPhone.Deploy.0 = Debug|Any CPU
		{E4322046-9100-48AA-98ED-37D94DFB6108}.Debug|iPhoneSimulator.ActiveCfg = Debug|Any CPU
		{E4322046-9100-48AA-98ED-37D94DFB6108}.Debug|iPhoneSimulator.Build.0 = Debug|Any CPU
		{E4322046-9100-48AA-98ED-37D94DFB6108}.Debug|iPhoneSimulator.Deploy.0 = Debug|Any CPU
		{E4322046-9100-48AA-98ED-37D94DFB6108}.Debug|x64.ActiveCfg = Debug|Any CPU
		{E4322046-9100-48AA-98ED-37D94DFB6108}.Debug|x64.Build.0 = Debug|Any CPU
		{E4322046-9100-48AA-98ED-37D94DFB6108}.Debug|x64.Deploy.0 = Debug|Any CPU
		{E4322046-9100-48AA-98ED-37D94DFB6108}.Debug|x86.ActiveCfg = Debug|Any CPU
		{E4322046-9100-48AA-98ED-37D94DFB6108}.Debug|x86.Build.0 = Debug|Any CPU
		{E4322046-9100-48AA-98ED-37D94DFB6108}.Debug|x86.Deploy.0 = Debug|Any CPU
		{E4322046-9100-48AA-98ED-37D94DFB6108}.Release|Any CPU.ActiveCfg = Release|Any CPU
		{E4322046-9100-48AA-98ED-37D94DFB6108}.Release|Any CPU.Build.0 = Release|Any CPU
		{E4322046-9100-48AA-98ED-37D94DFB6108}.Release|Any CPU.Deploy.0 = Release|Any CPU
		{E4322046-9100-48AA-98ED-37D94DFB6108}.Release|ARM.ActiveCfg = Release|Any CPU
		{E4322046-9100-48AA-98ED-37D94DFB6108}.Release|ARM.Build.0 = Release|Any CPU
		{E4322046-9100-48AA-98ED-37D94DFB6108}.Release|ARM.Deploy.0 = Release|Any CPU
		{E4322046-9100-48AA-98ED-37D94DFB6108}.Release|iPhone.ActiveCfg = Release|Any CPU
		{E4322046-9100-48AA-98ED-37D94DFB6108}.Release|iPhone.Build.0 = Release|Any CPU
		{E4322046-9100-48AA-98ED-37D94DFB6108}.Release|iPhone.Deploy.0 = Release|Any CPU
		{E4322046-9100-48AA-98ED-37D94DFB6108}.Release|iPhoneSimulator.ActiveCfg = Release|Any CPU
		{E4322046-9100-48AA-98ED-37D94DFB6108}.Release|iPhoneSimulator.Build.0 = Release|Any CPU
		{E4322046-9100-48AA-98ED-37D94DFB6108}.Release|iPhoneSimulator.Deploy.0 = Release|Any CPU
		{E4322046-9100-48AA-98ED-37D94DFB6108}.Release|x64.ActiveCfg = Release|Any CPU
		{E4322046-9100-48AA-98ED-37D94DFB6108}.Release|x64.Build.0 = Release|Any CPU
		{E4322046-9100-48AA-98ED-37D94DFB6108}.Release|x64.Deploy.0 = Release|Any CPU
		{E4322046-9100-48AA-98ED-37D94DFB6108}.Release|x86.ActiveCfg = Release|Any CPU
		{E4322046-9100-48AA-98ED-37D94DFB6108}.Release|x86.Build.0 = Release|Any CPU
		{E4322046-9100-48AA-98ED-37D94DFB6108}.Release|x86.Deploy.0 = Release|Any CPU
		{6A68FEBB-3036-4E77-A46E-6A387122E669}.Debug|Any CPU.ActiveCfg = Debug|iPhoneSimulator
		{6A68FEBB-3036-4E77-A46E-6A387122E669}.Debug|Any CPU.Build.0 = Debug|iPhoneSimulator
		{6A68FEBB-3036-4E77-A46E-6A387122E669}.Debug|Any CPU.Deploy.0 = Debug|iPhoneSimulator
		{6A68FEBB-3036-4E77-A46E-6A387122E669}.Debug|ARM.ActiveCfg = Debug|iPhoneSimulator
		{6A68FEBB-3036-4E77-A46E-6A387122E669}.Debug|ARM.Build.0 = Debug|iPhoneSimulator
		{6A68FEBB-3036-4E77-A46E-6A387122E669}.Debug|ARM.Deploy.0 = Debug|iPhoneSimulator
		{6A68FEBB-3036-4E77-A46E-6A387122E669}.Debug|iPhone.ActiveCfg = Debug|iPhone
		{6A68FEBB-3036-4E77-A46E-6A387122E669}.Debug|iPhone.Build.0 = Debug|iPhone
		{6A68FEBB-3036-4E77-A46E-6A387122E669}.Debug|iPhone.Deploy.0 = Debug|iPhone
		{6A68FEBB-3036-4E77-A46E-6A387122E669}.Debug|iPhoneSimulator.ActiveCfg = Debug|iPhoneSimulator
		{6A68FEBB-3036-4E77-A46E-6A387122E669}.Debug|iPhoneSimulator.Build.0 = Debug|iPhoneSimulator
		{6A68FEBB-3036-4E77-A46E-6A387122E669}.Debug|iPhoneSimulator.Deploy.0 = Debug|iPhoneSimulator
		{6A68FEBB-3036-4E77-A46E-6A387122E669}.Debug|x64.ActiveCfg = Debug|iPhone
		{6A68FEBB-3036-4E77-A46E-6A387122E669}.Debug|x64.Build.0 = Debug|iPhone
		{6A68FEBB-3036-4E77-A46E-6A387122E669}.Debug|x64.Deploy.0 = Debug|iPhone
		{6A68FEBB-3036-4E77-A46E-6A387122E669}.Debug|x86.ActiveCfg = Debug|iPhoneSimulator
		{6A68FEBB-3036-4E77-A46E-6A387122E669}.Debug|x86.Build.0 = Debug|iPhoneSimulator
		{6A68FEBB-3036-4E77-A46E-6A387122E669}.Debug|x86.Deploy.0 = Debug|iPhoneSimulator
		{6A68FEBB-3036-4E77-A46E-6A387122E669}.Release|Any CPU.ActiveCfg = Release|iPhoneSimulator
		{6A68FEBB-3036-4E77-A46E-6A387122E669}.Release|Any CPU.Build.0 = Release|iPhoneSimulator
		{6A68FEBB-3036-4E77-A46E-6A387122E669}.Release|Any CPU.Deploy.0 = Release|iPhoneSimulator
		{6A68FEBB-3036-4E77-A46E-6A387122E669}.Release|ARM.ActiveCfg = Release|iPhoneSimulator
		{6A68FEBB-3036-4E77-A46E-6A387122E669}.Release|ARM.Build.0 = Release|iPhoneSimulator
		{6A68FEBB-3036-4E77-A46E-6A387122E669}.Release|ARM.Deploy.0 = Release|iPhoneSimulator
		{6A68FEBB-3036-4E77-A46E-6A387122E669}.Release|iPhone.ActiveCfg = Release|iPhone
		{6A68FEBB-3036-4E77-A46E-6A387122E669}.Release|iPhone.Build.0 = Release|iPhone
		{6A68FEBB-3036-4E77-A46E-6A387122E669}.Release|iPhone.Deploy.0 = Release|iPhone
		{6A68FEBB-3036-4E77-A46E-6A387122E669}.Release|iPhoneSimulator.ActiveCfg = Release|iPhoneSimulator
		{6A68FEBB-3036-4E77-A46E-6A387122E669}.Release|iPhoneSimulator.Build.0 = Release|iPhoneSimulator
		{6A68FEBB-3036-4E77-A46E-6A387122E669}.Release|iPhoneSimulator.Deploy.0 = Release|iPhoneSimulator
		{6A68FEBB-3036-4E77-A46E-6A387122E669}.Release|x64.ActiveCfg = Release|iPhoneSimulator
		{6A68FEBB-3036-4E77-A46E-6A387122E669}.Release|x64.Build.0 = Release|iPhoneSimulator
		{6A68FEBB-3036-4E77-A46E-6A387122E669}.Release|x64.Deploy.0 = Release|iPhoneSimulator
		{6A68FEBB-3036-4E77-A46E-6A387122E669}.Release|x86.ActiveCfg = Release|iPhoneSimulator
		{6A68FEBB-3036-4E77-A46E-6A387122E669}.Release|x86.Build.0 = Release|iPhoneSimulator
		{6A68FEBB-3036-4E77-A46E-6A387122E669}.Release|x86.Deploy.0 = Release|iPhoneSimulator
		{5CDF7F67-DC7F-4797-AC28-8A9AF2D805A5}.Debug|Any CPU.ActiveCfg = Debug|Any CPU
		{5CDF7F67-DC7F-4797-AC28-8A9AF2D805A5}.Debug|Any CPU.Build.0 = Debug|Any CPU
		{5CDF7F67-DC7F-4797-AC28-8A9AF2D805A5}.Debug|Any CPU.Deploy.0 = Debug|Any CPU
		{5CDF7F67-DC7F-4797-AC28-8A9AF2D805A5}.Debug|ARM.ActiveCfg = Debug|Any CPU
		{5CDF7F67-DC7F-4797-AC28-8A9AF2D805A5}.Debug|ARM.Build.0 = Debug|Any CPU
		{5CDF7F67-DC7F-4797-AC28-8A9AF2D805A5}.Debug|ARM.Deploy.0 = Debug|Any CPU
		{5CDF7F67-DC7F-4797-AC28-8A9AF2D805A5}.Debug|iPhone.ActiveCfg = Debug|Any CPU
		{5CDF7F67-DC7F-4797-AC28-8A9AF2D805A5}.Debug|iPhone.Build.0 = Debug|Any CPU
		{5CDF7F67-DC7F-4797-AC28-8A9AF2D805A5}.Debug|iPhone.Deploy.0 = Debug|Any CPU
		{5CDF7F67-DC7F-4797-AC28-8A9AF2D805A5}.Debug|iPhoneSimulator.ActiveCfg = Debug|Any CPU
		{5CDF7F67-DC7F-4797-AC28-8A9AF2D805A5}.Debug|iPhoneSimulator.Build.0 = Debug|Any CPU
		{5CDF7F67-DC7F-4797-AC28-8A9AF2D805A5}.Debug|iPhoneSimulator.Deploy.0 = Debug|Any CPU
		{5CDF7F67-DC7F-4797-AC28-8A9AF2D805A5}.Debug|x64.ActiveCfg = Debug|Any CPU
		{5CDF7F67-DC7F-4797-AC28-8A9AF2D805A5}.Debug|x64.Build.0 = Debug|Any CPU
		{5CDF7F67-DC7F-4797-AC28-8A9AF2D805A5}.Debug|x64.Deploy.0 = Debug|Any CPU
		{5CDF7F67-DC7F-4797-AC28-8A9AF2D805A5}.Debug|x86.ActiveCfg = Debug|Any CPU
		{5CDF7F67-DC7F-4797-AC28-8A9AF2D805A5}.Debug|x86.Build.0 = Debug|Any CPU
		{5CDF7F67-DC7F-4797-AC28-8A9AF2D805A5}.Debug|x86.Deploy.0 = Debug|Any CPU
		{5CDF7F67-DC7F-4797-AC28-8A9AF2D805A5}.Release|Any CPU.ActiveCfg = Release|Any CPU
		{5CDF7F67-DC7F-4797-AC28-8A9AF2D805A5}.Release|Any CPU.Build.0 = Release|Any CPU
		{5CDF7F67-DC7F-4797-AC28-8A9AF2D805A5}.Release|Any CPU.Deploy.0 = Release|Any CPU
		{5CDF7F67-DC7F-4797-AC28-8A9AF2D805A5}.Release|ARM.ActiveCfg = Release|Any CPU
		{5CDF7F67-DC7F-4797-AC28-8A9AF2D805A5}.Release|ARM.Build.0 = Release|Any CPU
		{5CDF7F67-DC7F-4797-AC28-8A9AF2D805A5}.Release|ARM.Deploy.0 = Release|Any CPU
		{5CDF7F67-DC7F-4797-AC28-8A9AF2D805A5}.Release|iPhone.ActiveCfg = Release|Any CPU
		{5CDF7F67-DC7F-4797-AC28-8A9AF2D805A5}.Release|iPhone.Build.0 = Release|Any CPU
		{5CDF7F67-DC7F-4797-AC28-8A9AF2D805A5}.Release|iPhone.Deploy.0 = Release|Any CPU
		{5CDF7F67-DC7F-4797-AC28-8A9AF2D805A5}.Release|iPhoneSimulator.ActiveCfg = Release|Any CPU
		{5CDF7F67-DC7F-4797-AC28-8A9AF2D805A5}.Release|iPhoneSimulator.Build.0 = Release|Any CPU
		{5CDF7F67-DC7F-4797-AC28-8A9AF2D805A5}.Release|iPhoneSimulator.Deploy.0 = Release|Any CPU
		{5CDF7F67-DC7F-4797-AC28-8A9AF2D805A5}.Release|x64.ActiveCfg = Release|Any CPU
		{5CDF7F67-DC7F-4797-AC28-8A9AF2D805A5}.Release|x64.Build.0 = Release|Any CPU
		{5CDF7F67-DC7F-4797-AC28-8A9AF2D805A5}.Release|x64.Deploy.0 = Release|Any CPU
		{5CDF7F67-DC7F-4797-AC28-8A9AF2D805A5}.Release|x86.ActiveCfg = Release|Any CPU
		{5CDF7F67-DC7F-4797-AC28-8A9AF2D805A5}.Release|x86.Build.0 = Release|Any CPU
		{5CDF7F67-DC7F-4797-AC28-8A9AF2D805A5}.Release|x86.Deploy.0 = Release|Any CPU
	EndGlobalSection
	GlobalSection(SolutionProperties) = preSolution
		HideSolutionNode = FALSE
	EndGlobalSection
	GlobalSection(ExtensibilityGlobals) = postSolution
		SolutionGuid = {29767E44-0087-4D74-82AF-6BD940923658}
	EndGlobalSection
EndGlobal
